
Microsoft Visual Studio Solution File, Format Version 12.00
# Visual Studio Version 17
VisualStudioVersion = 17.10.34607.79
MinimumVisualStudioVersion = 10.0.40219.1
Project("{FAE04EC0-301F-11D3-BF4B-00C04F79EFBC}") = "WritePascalParser", "WritePascalParser\WritePascalParser.csproj", "{03D9AE59-88B1-4783-A126-AD7CC89099FF}"
EndProject
Global
	GlobalSection(SolutionConfigurationPlatforms) = preSolution
		Debug|Any CPU = Debug|Any CPU
		Release|Any CPU = Release|Any CPU
	EndGlobalSection
	GlobalSection(ProjectConfigurationPlatforms) = postSolution
		{03D9AE59-88B1-4783-A126-AD7CC89099FF}.Debug|Any CPU.ActiveCfg = Debug|Any CPU
		{03D9AE59-88B1-4783-A126-AD7CC89099FF}.Debug|Any CPU.Build.0 = Debug|Any CPU
		{03D9AE59-88B1-4783-A126-AD7CC89099FF}.Release|Any CPU.ActiveCfg = Release|Any CPU
		{03D9AE59-88B1-4783-A126-AD7CC89099FF}.Release|Any CPU.Build.0 = Release|Any CPU
	EndGlobalSection
	GlobalSection(SolutionProperties) = preSolution
		HideSolutionNode = FALSE
	EndGlobalSection
	GlobalSection(ExtensibilityGlobals) = postSolution
		SolutionGuid = {07A7E046-B3D0-4B3C-8C99-0388B6A431A1}
	EndGlobalSection
EndGlobal
